{
  "name": "GitNexus",
  "lockfileVersion": 3,
  "requires": true,
  "packages": {
    "": {
      "dependencies": {
        "gitnexus-antigravity": "file:gitnexus-antigravity-integration"
      }
    },
    "gitnexus-antigravity-integration": {
      "name": "gitnexus-antigravity",
      "version": "1.0.0",
      "hasInstallScript": true,
      "license": "PolyForm-Noncommercial-1.0.0"
    },
    "node_modules/gitnexus-antigravity": {
      "resolved": "gitnexus-antigravity-integration",
      "link": true
    }
  }
}
